
Microsoft Visual Studio Solution File, Format Version 12.00
# Visual Studio Version 17
VisualStudioVersion = 17.7.34202.233
MinimumVisualStudioVersion = 10.0.40219.1
Project("{FAE04EC0-301F-11D3-BF4B-00C04F79EFBC}") = "TikTakToe", "TikTakToe\TikTakToe.csproj", "{817049AE-30DC-43CB-8CDD-9FC244B0362A}"
EndProject
Project("{FAE04EC0-301F-11D3-BF4B-00C04F79EFBC}") = "TikTakToe.ConsoleDemo", "TikTakToe.ConsoleDemo\TikTakToe.ConsoleDemo.csproj", "{6DF6C540-5481-43DE-90C9-73A71D414D91}"
EndProject
Global
	GlobalSection(SolutionConfigurationPlatforms) = preSolution
		Debug|Any CPU = Debug|Any CPU
		Release|Any CPU = Release|Any CPU
	EndGlobalSection
	GlobalSection(ProjectConfigurationPlatforms) = postSolution
		{817049AE-30DC-43CB-8CDD-9FC244B0362A}.Debug|Any CPU.ActiveCfg = Debug|Any CPU
		{817049AE-30DC-43CB-8CDD-9FC244B0362A}.Debug|Any CPU.Build.0 = Debug|Any CPU
		{817049AE-30DC-43CB-8CDD-9FC244B0362A}.Release|Any CPU.ActiveCfg = Release|Any CPU
		{817049AE-30DC-43CB-8CDD-9FC244B0362A}.Release|Any CPU.Build.0 = Release|Any CPU
		{6DF6C540-5481-43DE-90C9-73A71D414D91}.Debug|Any CPU.ActiveCfg = Debug|Any CPU
		{6DF6C540-5481-43DE-90C9-73A71D414D91}.Debug|Any CPU.Build.0 = Debug|Any CPU
		{6DF6C540-5481-43DE-90C9-73A71D414D91}.Release|Any CPU.ActiveCfg = Release|Any CPU
		{6DF6C540-5481-43DE-90C9-73A71D414D91}.Release|Any CPU.Build.0 = Release|Any CPU
	EndGlobalSection
	GlobalSection(SolutionProperties) = preSolution
		HideSolutionNode = FALSE
	EndGlobalSection
	GlobalSection(ExtensibilityGlobals) = postSolution
		SolutionGuid = {92A61B2C-FACE-4043-964D-9015FDF5E625}
	EndGlobalSection
EndGlobal
